Microsoft Visual Studio Solution File, Format Version 12.00
# Visual Studio 2012
Project("{FAE04EC0-301F-11D3-BF4B-00C04F79EFBC}") = "Pip the Mouse- Desktop edition", "Pip the Mouse- Desktop edition.csproj", "{F15126A6-4DDE-43F5-BE5B-2C99A4C7D7BE}"
EndProject
Global
	GlobalSection(SolutionConfigurationPlatforms) = preSolution
	Debug|Any CPU = Debug|Any CPU
	ExportDebug|Any CPU = ExportDebug|Any CPU
	ExportRelease|Any CPU = ExportRelease|Any CPU
	EndGlobalSection
	GlobalSection(ProjectConfigurationPlatforms) = postSolution
		{F15126A6-4DDE-43F5-BE5B-2C99A4C7D7BE}.Debug|Any CPU.ActiveCfg = Debug|Any CPU
		{F15126A6-4DDE-43F5-BE5B-2C99A4C7D7BE}.Debug|Any CPU.Build.0 = Debug|Any CPU
		{F15126A6-4DDE-43F5-BE5B-2C99A4C7D7BE}.ExportDebug|Any CPU.ActiveCfg = ExportDebug|Any CPU
		{F15126A6-4DDE-43F5-BE5B-2C99A4C7D7BE}.ExportDebug|Any CPU.Build.0 = ExportDebug|Any CPU
		{F15126A6-4DDE-43F5-BE5B-2C99A4C7D7BE}.ExportRelease|Any CPU.ActiveCfg = ExportRelease|Any CPU
		{F15126A6-4DDE-43F5-BE5B-2C99A4C7D7BE}.ExportRelease|Any CPU.Build.0 = ExportRelease|Any CPU
	EndGlobalSection
EndGlobal
